
Microsoft Visual Studio Solution File, Format Version 12.00
# Visual Studio Version 17
VisualStudioVersion = 17.4.33110.190
MinimumVisualStudioVersion = 10.0.40219.1
Project("{FAE04EC0-301F-11D3-BF4B-00C04F79EFBC}") = "HOT1-DistanceConverter", "HOT1-DistanceConverter\HOT1-DistanceConverter.csproj", "{77C9DD47-FCFF-41FC-9018-180F029267F5}"
EndProject
Project("{FAE04EC0-301F-11D3-BF4B-00C04F79EFBC}") = "HOT1-2-OrderForm", "HOT1-2-OrderForm\HOT1-2-OrderForm.csproj", "{57283CE1-7FEE-4FD7-A0F5-2E09B91D4772}"
EndProject
Global
	GlobalSection(SolutionConfigurationPlatforms) = preSolution
		Debug|Any CPU = Debug|Any CPU
		Release|Any CPU = Release|Any CPU
	EndGlobalSection
	GlobalSection(ProjectConfigurationPlatforms) = postSolution
		{77C9DD47-FCFF-41FC-9018-180F029267F5}.Debug|Any CPU.ActiveCfg = Debug|Any CPU
		{77C9DD47-FCFF-41FC-9018-180F029267F5}.Debug|Any CPU.Build.0 = Debug|Any CPU
		{77C9DD47-FCFF-41FC-9018-180F029267F5}.Release|Any CPU.ActiveCfg = Release|Any CPU
		{77C9DD47-FCFF-41FC-9018-180F029267F5}.Release|Any CPU.Build.0 = Release|Any CPU
		{57283CE1-7FEE-4FD7-A0F5-2E09B91D4772}.Debug|Any CPU.ActiveCfg = Debug|Any CPU
		{57283CE1-7FEE-4FD7-A0F5-2E09B91D4772}.Debug|Any CPU.Build.0 = Debug|Any CPU
		{57283CE1-7FEE-4FD7-A0F5-2E09B91D4772}.Release|Any CPU.ActiveCfg = Release|Any CPU
		{57283CE1-7FEE-4FD7-A0F5-2E09B91D4772}.Release|Any CPU.Build.0 = Release|Any CPU
	EndGlobalSection
	GlobalSection(SolutionProperties) = preSolution
		HideSolutionNode = FALSE
	EndGlobalSection
	GlobalSection(ExtensibilityGlobals) = postSolution
		SolutionGuid = {8FF2AF97-A13A-4E11-8C04-D5472479047D}
	EndGlobalSection
EndGlobal
